
Microsoft Visual Studio Solution File, Format Version 12.00
# Visual Studio Version 17
VisualStudioVersion = 17.1.32421.90
MinimumVisualStudioVersion = 10.0.40219.1
Project("{9A19103F-16F7-4668-BE54-9A1E7A4F7556}") = "PenSample", "PenSample\PenSample.csproj", "{99F2C074-A7DC-4D53-92CD-F21299806CF2}"
EndProject
Project("{FAE04EC0-301F-11D3-BF4B-00C04F79EFBC}") = "PenSample2", "PenSample2\PenSample2.csproj", "{A9898E82-ED3A-49C3-BB70-4B79579F0A5A}"
EndProject
Project("{FAE04EC0-301F-11D3-BF4B-00C04F79EFBC}") = "CDDemo", "CDDemo\CDDemo.csproj", "{A380AB1B-BE3B-45BA-9089-50112C9DB727}"
EndProject
Project("{FAE04EC0-301F-11D3-BF4B-00C04F79EFBC}") = "TriangleDemo", "TriangleDemo\TriangleDemo.csproj", "{B28286A7-93CC-4AC5-805E-C3C31CA32D4E}"
EndProject
Project("{FAE04EC0-301F-11D3-BF4B-00C04F79EFBC}") = "TriangleDemo2", "TriangleDemo2\TriangleDemo2.csproj", "{54799753-54B9-4DAE-9626-D11B3B89FF0A}"
EndProject
Project("{FAE04EC0-301F-11D3-BF4B-00C04F79EFBC}") = "AccessDemo", "AccessDemo\AccessDemo.csproj", "{F636C0B8-6C56-4C75-955D-844D1D5A3CE2}"
EndProject
Global
	GlobalSection(SolutionConfigurationPlatforms) = preSolution
		Debug|Any CPU = Debug|Any CPU
		Release|Any CPU = Release|Any CPU
	EndGlobalSection
	GlobalSection(ProjectConfigurationPlatforms) = postSolution
		{99F2C074-A7DC-4D53-92CD-F21299806CF2}.Debug|Any CPU.ActiveCfg = Debug|Any CPU
		{99F2C074-A7DC-4D53-92CD-F21299806CF2}.Debug|Any CPU.Build.0 = Debug|Any CPU
		{99F2C074-A7DC-4D53-92CD-F21299806CF2}.Release|Any CPU.ActiveCfg = Release|Any CPU
		{99F2C074-A7DC-4D53-92CD-F21299806CF2}.Release|Any CPU.Build.0 = Release|Any CPU
		{A9898E82-ED3A-49C3-BB70-4B79579F0A5A}.Debug|Any CPU.ActiveCfg = Debug|Any CPU
		{A9898E82-ED3A-49C3-BB70-4B79579F0A5A}.Debug|Any CPU.Build.0 = Debug|Any CPU
		{A9898E82-ED3A-49C3-BB70-4B79579F0A5A}.Release|Any CPU.ActiveCfg = Release|Any CPU
		{A9898E82-ED3A-49C3-BB70-4B79579F0A5A}.Release|Any CPU.Build.0 = Release|Any CPU
		{A380AB1B-BE3B-45BA-9089-50112C9DB727}.Debug|Any CPU.ActiveCfg = Debug|Any CPU
		{A380AB1B-BE3B-45BA-9089-50112C9DB727}.Debug|Any CPU.Build.0 = Debug|Any CPU
		{A380AB1B-BE3B-45BA-9089-50112C9DB727}.Release|Any CPU.ActiveCfg = Release|Any CPU
		{A380AB1B-BE3B-45BA-9089-50112C9DB727}.Release|Any CPU.Build.0 = Release|Any CPU
		{B28286A7-93CC-4AC5-805E-C3C31CA32D4E}.Debug|Any CPU.ActiveCfg = Debug|Any CPU
		{B28286A7-93CC-4AC5-805E-C3C31CA32D4E}.Debug|Any CPU.Build.0 = Debug|Any CPU
		{B28286A7-93CC-4AC5-805E-C3C31CA32D4E}.Release|Any CPU.ActiveCfg = Release|Any CPU
		{B28286A7-93CC-4AC5-805E-C3C31CA32D4E}.Release|Any CPU.Build.0 = Release|Any CPU
		{54799753-54B9-4DAE-9626-D11B3B89FF0A}.Debug|Any CPU.ActiveCfg = Debug|Any CPU
		{54799753-54B9-4DAE-9626-D11B3B89FF0A}.Debug|Any CPU.Build.0 = Debug|Any CPU
		{54799753-54B9-4DAE-9626-D11B3B89FF0A}.Release|Any CPU.ActiveCfg = Release|Any CPU
		{54799753-54B9-4DAE-9626-D11B3B89FF0A}.Release|Any CPU.Build.0 = Release|Any CPU
		{F636C0B8-6C56-4C75-955D-844D1D5A3CE2}.Debug|Any CPU.ActiveCfg = Debug|Any CPU
		{F636C0B8-6C56-4C75-955D-844D1D5A3CE2}.Debug|Any CPU.Build.0 = Debug|Any CPU
		{F636C0B8-6C56-4C75-955D-844D1D5A3CE2}.Release|Any CPU.ActiveCfg = Release|Any CPU
		{F636C0B8-6C56-4C75-955D-844D1D5A3CE2}.Release|Any CPU.Build.0 = Release|Any CPU
	EndGlobalSection
	GlobalSection(SolutionProperties) = preSolution
		HideSolutionNode = FALSE
	EndGlobalSection
	GlobalSection(ExtensibilityGlobals) = postSolution
		SolutionGuid = {5EF288FA-7B90-49B5-B7B9-A812ED7E96AF}
	EndGlobalSection
EndGlobal
